
Microsoft Visual Studio Solution File, Format Version 12.00
# Visual Studio Version 16
VisualStudioVersion = 16.0.32002.261
MinimumVisualStudioVersion = 10.0.40219.1
Project("{8BC9CEB8-8B4A-11D0-8D11-00A0C91BC942}") = "Lab1", "Lab1\Lab1.vcxproj", "{09518221-01EE-41EA-8A67-B380E279C356}"
EndProject
Project("{8BC9CEB8-8B4A-11D0-8D11-00A0C91BC942}") = "LinkedListLab", "LinkedListLab\LinkedListLab.vcxproj", "{032F29DC-9993-4F56-A9D9-4A198F3E0777}"
EndProject
Global
	GlobalSection(SolutionConfigurationPlatforms) = preSolution
		Debug|x64 = Debug|x64
		Debug|x86 = Debug|x86
		Release|x64 = Release|x64
		Release|x86 = Release|x86
	EndGlobalSection
	GlobalSection(ProjectConfigurationPlatforms) = postSolution
		{09518221-01EE-41EA-8A67-B380E279C356}.Debug|x64.ActiveCfg = Debug|x64
		{09518221-01EE-41EA-8A67-B380E279C356}.Debug|x64.Build.0 = Debug|x64
		{09518221-01EE-41EA-8A67-B380E279C356}.Debug|x86.ActiveCfg = Debug|Win32
		{09518221-01EE-41EA-8A67-B380E279C356}.Debug|x86.Build.0 = Debug|Win32
		{09518221-01EE-41EA-8A67-B380E279C356}.Release|x64.ActiveCfg = Release|x64
		{09518221-01EE-41EA-8A67-B380E279C356}.Release|x64.Build.0 = Release|x64
		{09518221-01EE-41EA-8A67-B380E279C356}.Release|x86.ActiveCfg = Release|Win32
		{09518221-01EE-41EA-8A67-B380E279C356}.Release|x86.Build.0 = Release|Win32
		{032F29DC-9993-4F56-A9D9-4A198F3E0777}.Debug|x64.ActiveCfg = Debug|x64
		{032F29DC-9993-4F56-A9D9-4A198F3E0777}.Debug|x64.Build.0 = Debug|x64
		{032F29DC-9993-4F56-A9D9-4A198F3E0777}.Debug|x86.ActiveCfg = Debug|Win32
		{032F29DC-9993-4F56-A9D9-4A198F3E0777}.Debug|x86.Build.0 = Debug|Win32
		{032F29DC-9993-4F56-A9D9-4A198F3E0777}.Release|x64.ActiveCfg = Release|x64
		{032F29DC-9993-4F56-A9D9-4A198F3E0777}.Release|x64.Build.0 = Release|x64
		{032F29DC-9993-4F56-A9D9-4A198F3E0777}.Release|x86.ActiveCfg = Release|Win32
		{032F29DC-9993-4F56-A9D9-4A198F3E0777}.Release|x86.Build.0 = Release|Win32
	EndGlobalSection
	GlobalSection(SolutionProperties) = preSolution
		HideSolutionNode = FALSE
	EndGlobalSection
	GlobalSection(ExtensibilityGlobals) = postSolution
		SolutionGuid = {7155D4F1-00CB-46A8-81E1-359496482C6A}
	EndGlobalSection
EndGlobal
